Microsoft Visual Studio Solution File, Format Version 11.00
# Visual Studio 2008

Project("{15265709-2E7C-A21E-3C8C-A8E53DE5EB55}") = "SkyRoadFinal", "Assembly-CSharp-firstpass.csproj", "{80197884-552D-B0A3-9C3F-7EDFF37D1465}"
EndProject
Project("{15265709-2E7C-A21E-3C8C-A8E53DE5EB55}") = "SkyRoadFinal", "Assembly-CSharp.csproj", "{3A51FB4E-AF88-9D3D-5F7A-041760FCA2CE}"
EndProject
Project("{15265709-2E7C-A21E-3C8C-A8E53DE5EB55}") = "SkyRoadFinal", "Assembly-CSharp-Editor.csproj", "{57E29641-D15F-8908-1607-B9938B4163DA}"
EndProject
Project("{15265709-2E7C-A21E-3C8C-A8E53DE5EB55}") = "SkyRoadFinal", "Assembly-UnityScript-firstpass.unityproj", "{52460464-1C3A-00AD-AE69-51F66AF64C19}"
EndProject
Project("{15265709-2E7C-A21E-3C8C-A8E53DE5EB55}") = "SkyRoadFinal", "Assembly-UnityScript.unityproj", "{67E7FA0F-F2A8-EA8F-C2F3-2DD691AFE058}"
EndProject
Global
	GlobalSection(SolutionConfigurationPlatforms) = preSolution
		Debug|Any CPU = Debug|Any CPU
		Release|Any CPU = Release|Any CPU
	EndGlobalSection
	GlobalSection(ProjectConfigurationPlatforms) = postSolution
		{80197884-552D-B0A3-9C3F-7EDFF37D1465}.Debug|Any CPU.ActiveCfg = Debug|Any CPU
		{80197884-552D-B0A3-9C3F-7EDFF37D1465}.Debug|Any CPU.Build.0 = Debug|Any CPU
		{80197884-552D-B0A3-9C3F-7EDFF37D1465}.Release|Any CPU.ActiveCfg = Release|Any CPU
		{80197884-552D-B0A3-9C3F-7EDFF37D1465}.Release|Any CPU.Build.0 = Release|Any CPU
		{3A51FB4E-AF88-9D3D-5F7A-041760FCA2CE}.Debug|Any CPU.ActiveCfg = Debug|Any CPU
		{3A51FB4E-AF88-9D3D-5F7A-041760FCA2CE}.Debug|Any CPU.Build.0 = Debug|Any CPU
		{3A51FB4E-AF88-9D3D-5F7A-041760FCA2CE}.Release|Any CPU.ActiveCfg = Release|Any CPU
		{3A51FB4E-AF88-9D3D-5F7A-041760FCA2CE}.Release|Any CPU.Build.0 = Release|Any CPU
		{57E29641-D15F-8908-1607-B9938B4163DA}.Debug|Any CPU.ActiveCfg = Debug|Any CPU
		{57E29641-D15F-8908-1607-B9938B4163DA}.Debug|Any CPU.Build.0 = Debug|Any CPU
		{57E29641-D15F-8908-1607-B9938B4163DA}.Release|Any CPU.ActiveCfg = Release|Any CPU
		{57E29641-D15F-8908-1607-B9938B4163DA}.Release|Any CPU.Build.0 = Release|Any CPU
		{52460464-1C3A-00AD-AE69-51F66AF64C19}.Debug|Any CPU.ActiveCfg = Debug|Any CPU
		{52460464-1C3A-00AD-AE69-51F66AF64C19}.Debug|Any CPU.Build.0 = Debug|Any CPU
		{52460464-1C3A-00AD-AE69-51F66AF64C19}.Release|Any CPU.ActiveCfg = Release|Any CPU
		{52460464-1C3A-00AD-AE69-51F66AF64C19}.Release|Any CPU.Build.0 = Release|Any CPU
		{67E7FA0F-F2A8-EA8F-C2F3-2DD691AFE058}.Debug|Any CPU.ActiveCfg = Debug|Any CPU
		{67E7FA0F-F2A8-EA8F-C2F3-2DD691AFE058}.Debug|Any CPU.Build.0 = Debug|Any CPU
		{67E7FA0F-F2A8-EA8F-C2F3-2DD691AFE058}.Release|Any CPU.ActiveCfg = Release|Any CPU
		{67E7FA0F-F2A8-EA8F-C2F3-2DD691AFE058}.Release|Any CPU.Build.0 = Release|Any CPU
	EndGlobalSection
	GlobalSection(SolutionProperties) = preSolution
		HideSolutionNode = FALSE
	EndGlobalSection
																																																																																																																																																																																																GlobalSection(MonoDevelopProperties) = preSolution
		StartupItem = Assembly-CSharp.csproj
		Policies = $0
		$0.TextStylePolicy = $1
		$1.inheritsSet = null
		$1.scope = text/x-csharp
		$0.CSharpFormattingPolicy = $2
		$2.inheritsSet = Mono
		$2.inheritsScope = text/x-csharp
		$2.scope = text/x-csharp
		$0.TextStylePolicy = $3
		$3.FileWidth = 120
		$3.TabWidth = 4
		$3.EolMarker = Unix
		$3.inheritsSet = Mono
		$3.inheritsScope = text/plain
		$3.scope = text/plain
	EndGlobalSection

EndGlobal
